
Microsoft Visual Studio Solution File, Format Version 12.00
# Visual Studio Version 17
VisualStudioVersion = 17.13.35825.156
MinimumVisualStudioVersion = 10.0.40219.1
Project("{FAE04EC0-301F-11D3-BF4B-00C04F79EFBC}") = "Web.Api", "Web.Api\Web.Api.csproj", "{FB44A3AB-AF70-4596-A9C5-8D3D1E2C44D3}"
EndProject
Project("{FAE04EC0-301F-11D3-BF4B-00C04F79EFBC}") = "CapaEntidad", "CapaEntidad\CapaEntidad.csproj", "{B085CAB3-785A-4B32-B043-00F9B53DAE62}"
EndProject
Project("{FAE04EC0-301F-11D3-BF4B-00C04F79EFBC}") = "Web.Cliente", "Web.Cliente\Web.Cliente.csproj", "{B60BC2E1-FF68-46CE-A723-C6387E63CAF6}"
EndProject
Global
	GlobalSection(SolutionConfigurationPlatforms) = preSolution
		Debug|Any CPU = Debug|Any CPU
		Release|Any CPU = Release|Any CPU
	EndGlobalSection
	GlobalSection(ProjectConfigurationPlatforms) = postSolution
		{FB44A3AB-AF70-4596-A9C5-8D3D1E2C44D3}.Debug|Any CPU.ActiveCfg = Debug|Any CPU
		{FB44A3AB-AF70-4596-A9C5-8D3D1E2C44D3}.Debug|Any CPU.Build.0 = Debug|Any CPU
		{FB44A3AB-AF70-4596-A9C5-8D3D1E2C44D3}.Release|Any CPU.ActiveCfg = Release|Any CPU
		{FB44A3AB-AF70-4596-A9C5-8D3D1E2C44D3}.Release|Any CPU.Build.0 = Release|Any CPU
		{B085CAB3-785A-4B32-B043-00F9B53DAE62}.Debug|Any CPU.ActiveCfg = Debug|Any CPU
		{B085CAB3-785A-4B32-B043-00F9B53DAE62}.Debug|Any CPU.Build.0 = Debug|Any CPU
		{B085CAB3-785A-4B32-B043-00F9B53DAE62}.Release|Any CPU.ActiveCfg = Release|Any CPU
		{B085CAB3-785A-4B32-B043-00F9B53DAE62}.Release|Any CPU.Build.0 = Release|Any CPU
		{B60BC2E1-FF68-46CE-A723-C6387E63CAF6}.Debug|Any CPU.ActiveCfg = Debug|Any CPU
		{B60BC2E1-FF68-46CE-A723-C6387E63CAF6}.Debug|Any CPU.Build.0 = Debug|Any CPU
		{B60BC2E1-FF68-46CE-A723-C6387E63CAF6}.Release|Any CPU.ActiveCfg = Release|Any CPU
		{B60BC2E1-FF68-46CE-A723-C6387E63CAF6}.Release|Any CPU.Build.0 = Release|Any CPU
	EndGlobalSection
	GlobalSection(SolutionProperties) = preSolution
		HideSolutionNode = FALSE
	EndGlobalSection
	GlobalSection(ExtensibilityGlobals) = postSolution
		SolutionGuid = {4E6A56AB-55FE-45C3-B54E-0521B2A55A03}
	EndGlobalSection
EndGlobal
